
Microsoft Visual Studio Solution File, Format Version 12.00
# Visual Studio Version 17
VisualStudioVersion = 17.1.32414.318
MinimumVisualStudioVersion = 10.0.40219.1
Project("{FAE04EC0-301F-11D3-BF4B-00C04F79EFBC}") = "GeoUI", "GeoUI\GeoUI.csproj", "{B09537D0-84D4-4D8F-9D9A-AD2CBD793997}"
EndProject
Global
	GlobalSection(SolutionConfigurationPlatforms) = preSolution
		Debug|Any CPU = Debug|Any CPU
		Release|Any CPU = Release|Any CPU
	EndGlobalSection
	GlobalSection(ProjectConfigurationPlatforms) = postSolution
		{B09537D0-84D4-4D8F-9D9A-AD2CBD793997}.Debug|Any CPU.ActiveCfg = Debug|Any CPU
		{B09537D0-84D4-4D8F-9D9A-AD2CBD793997}.Debug|Any CPU.Build.0 = Debug|Any CPU
		{B09537D0-84D4-4D8F-9D9A-AD2CBD793997}.Release|Any CPU.ActiveCfg = Release|Any CPU
		{B09537D0-84D4-4D8F-9D9A-AD2CBD793997}.Release|Any CPU.Build.0 = Release|Any CPU
	EndGlobalSection
	GlobalSection(SolutionProperties) = preSolution
		HideSolutionNode = FALSE
	EndGlobalSection
	GlobalSection(ExtensibilityGlobals) = postSolution
		SolutionGuid = {076DE86C-5EC6-4682-B9CB-27AF193FA1F2}
	EndGlobalSection
EndGlobal
